// !$*UTF8*$!
{
	archiveVersion = 1;
	classes = {
	};
	objectVersion = 50;
	objects = {

/* Begin PBXBuildFile section */
		256D740821D48E45007A1B16 /* AppDelegate.m in Sources */ = {isa = PBXBuildFile; fileRef = 256D740721D48E45007A1B16 /* AppDelegate.m */; };
		256D740B21D48E45007A1B16 /* ViewController.m in Sources */ = {isa = PBXBuildFile; fileRef = 256D740A21D48E45007A1B16 /* ViewController.m */; };
		256D740E21D48E45007A1B16 /* Main.storyboard in Resources */ = {isa = PBXBuildFile; fileRef = 256D740C21D48E45007A1B16 /* Main.storyboard */; };
		256D741021D48E47007A1B16 /* Assets.xcassets in Resources */ = {isa = PBXBuildFile; fileRef = 256D740F21D48E47007A1B16 /* Assets.xcassets */; };
		256D741321D48E47007A1B16 /* LaunchScreen.storyboard in Resources */ = {isa = PBXBuildFile; fileRef = 256D741121D48E47007A1B16 /* LaunchScreen.storyboard */; };
		256D741621D48E47007A1B16 /* main.m in Sources */ = {isa = PBXBuildFile; fileRef = 256D741521D48E47007A1B16 /* main.m */; };
/* End PBXBuildFile section */

/* Begin PBXFileReference section */
		256D740321D48E45007A1B16 /* LeanGithubCommits.app */ = {isa = PBXFileReference; explicitFileType = wrapper.application; includeInIndex = 0; path = LeanGithubCommits.app; sourceTree = BUILT_PRODUCTS_DIR; };
		256D740621D48E45007A1B16 /* AppDelegate.h */ = {isa = PBXFileReference; lastKnownFileType = sourcecode.c.h; path = AppDelegate.h; sourceTree = "<group>"; };
		256D740721D48E45007A1B16 /* AppDelegate.m */ = {isa = PBXFileReference; lastKnownFileType = sourcecode.c.objc; path = AppDelegate.m; sourceTree = "<group>"; };
		256D740921D48E45007A1B16 /* ViewController.h */ = {isa = PBXFileReference; lastKnownFileType = sourcecode.c.h; path = ViewController.h; sourceTree = "<group>"; };
		256D740A21D48E45007A1B16 /* ViewController.m */ = {isa = PBXFileReference; lastKnownFileType = sourcecode.c.objc; path = ViewController.m; sourceTree = "<group>"; };
		256D740D21D48E45007A1B16 /* Base */ = {isa = PBXFileReference; lastKnownFileType = file.storyboard; name = Base; path = Base.lproj/Main.storyboard; sourceTree = "<group>"; };
		256D740F21D48E47007A1B16 /* Assets.xcassets */ = {isa = PBXFileReference; lastKnownFileType = folder.assetcatalog; path = Assets.xcassets; sourceTree = "<group>"; };
		256D741221D48E47007A1B16 /* Base */ = {isa = PBXFileReference; lastKnownFileType = file.storyboard; name = Base; path = Base.lproj/LaunchScreen.storyboard; sourceTree = "<group>"; };
		256D741421D48E47007A1B16 /* Info.plist */ = {isa = PBXFileReference; lastKnownFileType = text.plist.xml; path = Info.plist; sourceTree = "<group>"; };
		256D741521D48E47007A1B16 /* main.m */ = {isa = PBXFileReference; lastKnownFileType = sourcecode.c.objc; path = main.m; sourceTree = "<group>"; };
/* End PBXFileReference section */

/* Begin PBXFrameworksBuildPhase section */
		256D740021D48E45007A1B16 /* Frameworks */ = {
			isa = PBXFrameworksBuildPhase;
			buildActionMask = 2147483647;
			files = (
			);
			runOnlyForDeploymentPostprocessing = 0;
		};
/* End PBXFrameworksBuildPhase section */

/* Begin PBXGroup section */
		256D73FA21D48E45007A1B16 = {
			isa = PBXGroup;
			children = (
				256D740521D48E45007A1B16 /* LeanGithubCommits */,
				256D740421D48E45007A1B16 /* Products */,
			);
			sourceTree = "<group>";
		};
		256D740421D48E45007A1B16 /* Products */ = {
			isa = PBXGroup;
			children = (
				256D740321D48E45007A1B16 /* LeanGithubCommits.app */,
			);
			name = Products;
			sourceTree = "<group>";
		};
		256D740521D48E45007A1B16 /* LeanGithubCommits */ = {
			isa = PBXGroup;
			children = (
				256D740621D48E45007A1B16 /* AppDelegate.h */,
				256D740721D48E45007A1B16 /* AppDelegate.m */,
				256D740921D48E45007A1B16 /* ViewController.h */,
				256D740A21D48E45007A1B16 /* ViewController.m */,
				256D740C21D48E45007A1B16 /* Main.storyboard */,
				256D740F21D48E47007A1B16 /* Assets.xcassets */,
				256D741121D48E47007A1B16 /* LaunchScreen.storyboard */,
				256D741421D48E47007A1B16 /* Info.plist */,
				256D741521D48E47007A1B16 /* main.m */,
			);
			path = LeanGithubCommits;
			sourceTree = "<group>";
		};
/* End PBXGroup section */

/* Begin PBXNativeTarget section */
		256D740221D48E45007A1B16 /* LeanGithubCommits */ = {
			isa = PBXNativeTarget;
			buildConfigurationList = 256D741921D48E48007A1B16 /* Build configuration list for PBXNativeTarget "LeanGithubCommits" */;
			buildPhases = (
				256D73FF21D48E45007A1B16 /* Sources */,
				256D740021D48E45007A1B16 /* Frameworks */,
				256D740121D48E45007A1B16 /* Resources */,
			);
			buildRules = (
			);
			dependencies = (
			);
			name = LeanGithubCommits;
			productName = LeanGithubCommits;
			productReference = 256D740321D48E45007A1B16 /* LeanGithubCommits.app */;
			productType = "com.apple.product-type.application";
		};
/* End PBXNativeTarget section */

/* Begin PBXProject section */
		256D73FB21D48E45007A1B16 /* Project object */ = {
			isa = PBXProject;
			attributes = {
				LastUpgradeCheck = 0940;
				ORGANIZATIONNAME = "Karthik Baskaran";
				TargetAttributes = {
					256D740221D48E45007A1B16 = {
						CreatedOnToolsVersion = 9.4.1;
					};
				};
			};
			buildConfigurationList = 256D73FE21D48E45007A1B16 /* Build configuration list for PBXProject "LeanGithubCommits" */;
			compatibilityVersion = "Xcode 9.3";
			developmentRegion = en;
			hasScannedForEncodings = 0;
			knownRegions = (
				en,
				Base,
			);
			mainGroup = 256D73FA21D48E45007A1B16;
			productRefGroup = 256D740421D48E45007A1B16 /* Products */;
			projectDirPath = "";
			projectRoot = "";
			targets = (
				256D740221D48E45007A1B16 /* LeanGithubCommits */,
			);
		};
/* End PBXProject section */

/* Begin PBXResourcesBuildPhase section */
		256D740121D48E45007A1B16 /* Resources */ = {
			isa = PBXResourcesBuildPhase;
			buildActionMask = 2147483647;
			files = (
				256D741321D48E47007A1B16 /* LaunchScreen.storyboard in Resources */,
				256D741021D48E47007A1B16 /* Assets.xcassets in Resources */,
				256D740E21D48E45007A1B16 /* Main.storyboard in Resources */,
			);
			runOnlyForDeploymentPostprocessing = 0;
		};
/* End PBXResourcesBuildPhase section */

/* Begin PBXSourcesBuildPhase section */
		256D73FF21D48E45007A1B16 /* Sources */ = {
			isa = PBXSourcesBuildPhase;
			buildActionMask = 2147483647;
			files = (
				256D740B21D48E45007A1B16 /* ViewController.m in Sources */,
				256D741621D48E47007A1B16 /* main.m in Sources */,
				256D740821D48E45007A1B16 /* AppDelegate.m in Sources */,
			);
			runOnlyForDeploymentPostprocessing = 0;
		};
/* End PBXSourcesBuildPhase section */

/* Begin PBXVariantGroup section */
		256D740C21D48E45007A1B16 /* Main.storyboard */ = {
			isa = PBXVariantGroup;
			children = (
				256D740D21D48E45007A1B16 /* Base */,
			);
			name = Main.storyboard;
			sourceTree = "<group>";
		};
		256D741121D48E47007A1B16 /* LaunchScreen.storyboard */ = {
			isa = PBXVariantGroup;
			children = (
				256D741221D48E47007A1B16 /* Base */,
			);
			name = LaunchScreen.storyboard;
			sourceTree = "<group>";
		};
/* End PBXVariantGroup section */

/* Begin XCBuildConfiguration section */
		256D741721D48E48007A1B16 /* Debug */ = {
			isa = XCBuildConfiguration;
			buildSettings = {
				ALWAYS_SEARCH_USER_PATHS = NO;
				CLANG_ANALYZER_NONNULL = YES;
				CLANG_ANALYZER_NUMBER_OBJECT_CONVERSION = YES_AGGRESSIVE;
				CLANG_CXX_LANGUAGE_STANDARD = "gnu++14";
				CLANG_CXX_LIBRARY = "libc++";
				CLANG_ENABLE_MODULES = YES;
				CLANG_ENABLE_OBJC_ARC = YES;
				CLANG_ENABLE_OBJC_WEAK = YES;
				CLANG_WARN_BLOCK_CAPTURE_AUTORELEASING = YES;
				CLANG_WARN_BOOL_CONVERSION = YES;
				CLANG_WARN_COMMA = YES;
				CLANG_WARN_CONSTANT_CONVERSION = YES;
				CLANG_WARN_DEPRECATED_OBJC_IMPLEMENTATIONS = YES;
				CLANG_WARN_DIRECT_OBJC_ISA_USAGE = YES_ERROR;
				CLANG_WARN_DOCUMENTATION_COMMENTS = YES;
				CLANG_WARN_EMPTY_BODY = YES;
				CLANG_WARN_ENUM_CONVERSION = YES;
				CLANG_WARN_INFINITE_RECURSION = YES;
				CLANG_WARN_INT_CONVERSION = YES;
				CLANG_WARN_NON_LITERAL_NULL_CONVERSION = YES;
				CLANG_WARN_OBJC_IMPLICIT_RETAIN_SELF = YES;
				CLANG_WARN_OBJC_LITERAL_CONVERSION = YES;
				CLANG_WARN_OBJC_ROOT_CLASS = YES_ERROR;
				CLANG_WARN_RANGE_LOOP_ANALYSIS = YES;
				CLANG_WARN_STRICT_PROTOTYPES = YES;
				CLANG_WARN_SUSPICIOUS_MOVE = YES;
				CLANG_WARN_UNGUARDED_AVAILABILITY = YES_AGGRESSIVE;
				CLANG_WARN_UNREACHABLE_CODE = YES;
				CLANG_WARN__DUPLICATE_METHOD_MATCH = YES;
				CODE_SIGN_IDENTITY = "iPhone Developer";
				COPY_PHASE_STRIP = NO;
				DEBUG_INFORMATION_FORMAT = dwarf;
				ENABLE_STRICT_OBJC_MSGSEND = YES;
				ENABLE_TESTABILITY = YES;
				GCC_C_LANGUAGE_STANDARD = gnu11;
				GCC_DYNAMIC_NO_PIC = NO;
				GCC_NO_COMMON_BLOCKS = YES;
				GCC_OPTIMIZATION_LEVEL = 0;
				GCC_PREPROCESSOR_DEFINITIONS = (
					"DEBUG=1",
					"$(inherited)",
				);
				GCC_WARN_64_TO_32_BIT_CONVERSION = YES;
				GCC_WARN_ABOUT_RETURN_TYPE = YES_ERROR;
				GCC_WARN_UNDECLARED_SELECTOR = YES;
				GCC_WARN_UNINITIALIZED_AUTOS = YES_AGGRESSIVE;
				GCC_WARN_UNUSED_FUNCTION = YES;
				GCC_WARN_UNUSED_VARIABLE = YES;
				IPHONEOS_DEPLOYMENT_TARGET = 11.4;
				MTL_ENABLE_DEBUG_INFO = YES;
				ONLY_ACTIVE_ARCH = YES;
				SDKROOT = iphoneos;
			};
			name = Debug;
		};
		256D741821D48E48007A1B16 /* Release */ = {
			isa = XCBuildConfiguration;
			buildSettings = {
				ALWAYS_SEARCH_USER_PATHS = NO;
				CLANG_ANALYZER_NONNULL = YES;
				CLANG_ANALYZER_NUMBER_OBJECT_CONVERSION = YES_AGGRESSIVE;
				CLANG_CXX_LANGUAGE_STANDARD = "gnu++14";
				CLANG_CXX_LIBRARY = "libc++";
				CLANG_ENABLE_MODULES = YES;
				CLANG_ENABLE_OBJC_ARC = YES;
				CLANG_ENABLE_OBJC_WEAK = YES;
				CLANG_WARN_BLOCK_CAPTURE_AUTORELEASING = YES;
				CLANG_WARN_BOOL_CONVERSION = YES;
				CLANG_WARN_COMMA = YES;
				CLANG_WARN_CONSTANT_CONVERSION = YES;
				CLANG_WARN_DEPRECATED_OBJC_IMPLEMENTATIONS = YES;
				CLANG_WARN_DIRECT_OBJC_ISA_USAGE = YES_ERROR;
				CLANG_WARN_DOCUMENTATION_COMMENTS = YES;
				CLANG_WARN_EMPTY_BODY = YES;
				CLANG_WARN_ENUM_CONVERSION = YES;
				CLANG_WARN_INFINITE_RECURSION = YES;
				CLANG_WARN_INT_CONVERSION = YES;
				CLANG_WARN_NON_LITERAL_NULL_CONVERSION = YES;
				CLANG_WARN_OBJC_IMPLICIT_RETAIN_SELF = YES;
				CLANG_WARN_OBJC_LITERAL_CONVERSION = YES;
				CLANG_WARN_OBJC_ROOT_CLASS = YES_ERROR;
				CLANG_WARN_RANGE_LOOP_ANALYSIS = YES;
				CLANG_WARN_STRICT_PROTOTYPES = YES;
				CLANG_WARN_SUSPICIOUS_MOVE = YES;
				CLANG_WARN_UNGUARDED_AVAILABILITY = YES_AGGRESSIVE;
				CLANG_WARN_UNREACHABLE_CODE = YES;
				CLANG_WARN__DUPLICATE_METHOD_MATCH = YES;
				CODE_SIGN_IDENTITY = "iPhone Developer";
				COPY_PHASE_STRIP = NO;
				DEBUG_INFORMATION_FORMAT = "dwarf-with-dsym";
				ENABLE_NS_ASSERTIONS = NO;
				ENABLE_STRICT_OBJC_MSGSEND = YES;
				GCC_C_LANGUAGE_STANDARD = gnu11;
				GCC_NO_COMMON_BLOCKS = YES;
				GCC_WARN_64_TO_32_BIT_CONVERSION = YES;
				GCC_WARN_ABOUT_RETURN_TYPE = YES_ERROR;
				GCC_WARN_UNDECLARED_SELECTOR = YES;
				GCC_WARN_UNINITIALIZED_AUTOS = YES_AGGRESSIVE;
				GCC_WARN_UNUSED_FUNCTION = YES;
				GCC_WARN_UNUSED_VARIABLE = YES;
				IPHONEOS_DEPLOYMENT_TARGET = 11.4;
				MTL_ENABLE_DEBUG_INFO = NO;
				SDKROOT = iphoneos;
				VALIDATE_PRODUCT = YES;
			};
			name = Release;
		};
		256D741A21D48E48007A1B16 /* Debug */ = {
			isa = XCBuildConfiguration;
			buildSettings = {
				ASSETCATALOG_COMPILER_APPICON_NAME = AppIcon;
				CODE_SIGN_STYLE = Automatic;
				DEVELOPMENT_TEAM = LKL6KA263A;
				INFOPLIST_FILE = LeanGithubCommits/Info.plist;
				LD_RUNPATH_SEARCH_PATHS = (
					"$(inherited)",
					"@executable_path/Frameworks",
				);
				PRODUCT_BUNDLE_IDENTIFIER = k2b.LeanGithubCommits;
				PRODUCT_NAME = "$(TARGET_NAME)";
				TARGETED_DEVICE_FAMILY = "1,2";
			};
			name = Debug;
		};
		256D741B21D48E48007A1B16 /* Release */ = {
			isa = XCBuildConfiguration;
			buildSettings = {
				ASSETCATALOG_COMPILER_APPICON_NAME = AppIcon;
				CODE_SIGN_STYLE = Automatic;
				DEVELOPMENT_TEAM = LKL6KA263A;
				INFOPLIST_FILE = LeanGithubCommits/Info.plist;
				LD_RUNPATH_SEARCH_PATHS = (
					"$(inherited)",
					"@executable_path/Frameworks",
				);
				PRODUCT_BUNDLE_IDENTIFIER = k2b.LeanGithubCommits;
				PRODUCT_NAME = "$(TARGET_NAME)";
				TARGETED_DEVICE_FAMILY = "1,2";
			};
			name = Release;
		};
/* End XCBuildConfiguration section */

/* Begin XCConfigurationList section */
		256D73FE21D48E45007A1B16 /* Build configuration list for PBXProject "LeanGithubCommits" */ = {
			isa = XCConfigurationList;
			buildConfigurations = (
				256D741721D48E48007A1B16 /* Debug */,
				256D741821D48E48007A1B16 /* Release */,
			);
			defaultConfigurationIsVisible = 0;
			defaultConfigurationName = Release;
		};
		256D741921D48E48007A1B16 /* Build configuration list for PBXNativeTarget "LeanGithubCommits" */ = {
			isa = XCConfigurationList;
			buildConfigurations = (
				256D741A21D48E48007A1B16 /* Debug */,
				256D741B21D48E48007A1B16 /* Release */,
			);
			defaultConfigurationIsVisible = 0;
			defaultConfigurationName = Release;
		};
/* End XCConfigurationList section */
	};
	rootObject = 256D73FB21D48E45007A1B16 /* Project object */;
}
